
Microsoft Visual Studio Solution File, Format Version 12.00
# Visual Studio Version 16
VisualStudioVersion = 16.0.31205.134
MinimumVisualStudioVersion = 10.0.40219.1
Project("{FAE04EC0-301F-11D3-BF4B-00C04F79EFBC}") = "Chase.Clap.OSINT", "Chase.Clap.OSINT\Chase.Clap.OSINT.csproj", "{A06F69F0-97FC-4051-B186-7C9B445A9D67}"
EndProject
Project("{FAE04EC0-301F-11D3-BF4B-00C04F79EFBC}") = "Chase.Clap.OSINT.VirusTotal", "Chase.Clap.OSINT.VirusTotal\Chase.Clap.OSINT.VirusTotal.csproj", "{AB4C014B-CF82-493C-BF4E-39FD751A86BE}"
EndProject
Project("{FAE04EC0-301F-11D3-BF4B-00C04F79EFBC}") = "OsIntMiner", "OsIntMiner\OsIntMiner.csproj", "{EDDDD7F8-1682-4E61-B28C-F40BD35A136B}"
EndProject
Global
	GlobalSection(SolutionConfigurationPlatforms) = preSolution
		Debug|Any CPU = Debug|Any CPU
		Release|Any CPU = Release|Any CPU
	EndGlobalSection
	GlobalSection(ProjectConfigurationPlatforms) = postSolution
		{A06F69F0-97FC-4051-B186-7C9B445A9D67}.Debug|Any CPU.ActiveCfg = Debug|Any CPU
		{A06F69F0-97FC-4051-B186-7C9B445A9D67}.Debug|Any CPU.Build.0 = Debug|Any CPU
		{A06F69F0-97FC-4051-B186-7C9B445A9D67}.Release|Any CPU.ActiveCfg = Release|Any CPU
		{A06F69F0-97FC-4051-B186-7C9B445A9D67}.Release|Any CPU.Build.0 = Release|Any CPU
		{AB4C014B-CF82-493C-BF4E-39FD751A86BE}.Debug|Any CPU.ActiveCfg = Debug|Any CPU
		{AB4C014B-CF82-493C-BF4E-39FD751A86BE}.Debug|Any CPU.Build.0 = Debug|Any CPU
		{AB4C014B-CF82-493C-BF4E-39FD751A86BE}.Release|Any CPU.ActiveCfg = Release|Any CPU
		{AB4C014B-CF82-493C-BF4E-39FD751A86BE}.Release|Any CPU.Build.0 = Release|Any CPU
		{EDDDD7F8-1682-4E61-B28C-F40BD35A136B}.Debug|Any CPU.ActiveCfg = Debug|Any CPU
		{EDDDD7F8-1682-4E61-B28C-F40BD35A136B}.Debug|Any CPU.Build.0 = Debug|Any CPU
		{EDDDD7F8-1682-4E61-B28C-F40BD35A136B}.Release|Any CPU.ActiveCfg = Release|Any CPU
		{EDDDD7F8-1682-4E61-B28C-F40BD35A136B}.Release|Any CPU.Build.0 = Release|Any CPU
	EndGlobalSection
	GlobalSection(SolutionProperties) = preSolution
		HideSolutionNode = FALSE
	EndGlobalSection
	GlobalSection(ExtensibilityGlobals) = postSolution
		SolutionGuid = {8D50491D-7959-4325-B26A-C1CA9505AA48}
	EndGlobalSection
EndGlobal
